// !$*UTF8*$!
{
	archiveVersion = 1;
	classes = {
	};
	objectVersion = 46;
	objects = {

/* Begin PBXBuildFile section */
		7A7BBE0A1B6CF51600CB89BE /* main.m in Sources */ = {isa = PBXBuildFile; fileRef = 7A7BBE091B6CF51600CB89BE /* main.m */; };
		7A7BBE0D1B6CF51600CB89BE /* AppDelegate.m in Sources */ = {isa = PBXBuildFile; fileRef = 7A7BBE0C1B6CF51600CB89BE /* AppDelegate.m */; };
		7A7BBE101B6CF51600CB89BE /* ViewController.m in Sources */ = {isa = PBXBuildFile; fileRef = 7A7BBE0F1B6CF51600CB89BE /* ViewController.m */; };
		7A7BBE131B6CF51600CB89BE /* Main.storyboard in Resources */ = {isa = PBXBuildFile; fileRef = 7A7BBE111B6CF51600CB89BE /* Main.storyboard */; };
		7A7BBE151B6CF51600CB89BE /* Images.xcassets in Resources */ = {isa = PBXBuildFile; fileRef = 7A7BBE141B6CF51600CB89BE /* Images.xcassets */; };
		7A7BBE181B6CF51600CB89BE /* LaunchScreen.xib in Resources */ = {isa = PBXBuildFile; fileRef = 7A7BBE161B6CF51600CB89BE /* LaunchScreen.xib */; };
		7A7BBE241B6CF51600CB89BE /* _2_CoreImageTests.m in Sources */ = {isa = PBXBuildFile; fileRef = 7A7BBE231B6CF51600CB89BE /* _2_CoreImageTests.m */; };
/* End PBXBuildFile section */

/* Begin PBXContainerItemProxy section */
		7A7BBE1E1B6CF51600CB89BE /* PBXContainerItemProxy */ = {
			isa = PBXContainerItemProxy;
			containerPortal = 7A7BBDFC1B6CF51600CB89BE /* Project object */;
			proxyType = 1;
			remoteGlobalIDString = 7A7BBE031B6CF51600CB89BE;
			remoteInfo = 02.CoreImage;
		};
/* End PBXContainerItemProxy section */

/* Begin PBXFileReference section */
		7A7BBE041B6CF51600CB89BE /* 02.CoreImage.app */ = {isa = PBXFileReference; explicitFileType = wrapper.application; includeInIndex = 0; path = 02.CoreImage.app; sourceTree = BUILT_PRODUCTS_DIR; };
		7A7BBE081B6CF51600CB89BE /* Info.plist */ = {isa = PBXFileReference; lastKnownFileType = text.plist.xml; path = Info.plist; sourceTree = "<group>"; };
		7A7BBE091B6CF51600CB89BE /* main.m */ = {isa = PBXFileReference; lastKnownFileType = sourcecode.c.objc; path = main.m; sourceTree = "<group>"; };
		7A7BBE0B1B6CF51600CB89BE /* AppDelegate.h */ = {isa = PBXFileReference; lastKnownFileType = sourcecode.c.h; path = AppDelegate.h; sourceTree = "<group>"; };
		7A7BBE0C1B6CF51600CB89BE /* AppDelegate.m */ = {isa = PBXFileReference; lastKnownFileType = sourcecode.c.objc; path = AppDelegate.m; sourceTree = "<group>"; };
		7A7BBE0E1B6CF51600CB89BE /* ViewController.h */ = {isa = PBXFileReference; lastKnownFileType = sourcecode.c.h; path = ViewController.h; sourceTree = "<group>"; };
		7A7BBE0F1B6CF51600CB89BE /* ViewController.m */ = {isa = PBXFileReference; lastKnownFileType = sourcecode.c.objc; path = ViewController.m; sourceTree = "<group>"; };
		7A7BBE121B6CF51600CB89BE /* Base */ = {isa = PBXFileReference; lastKnownFileType = file.storyboard; name = Base; path = Base.lproj/Main.storyboard; sourceTree = "<group>"; };
		7A7BBE141B6CF51600CB89BE /* Images.xcassets */ = {isa = PBXFileReference; lastKnownFileType = folder.assetcatalog; path = Images.xcassets; sourceTree = "<group>"; };
		7A7BBE171B6CF51600CB89BE /* Base */ = {isa = PBXFileReference; lastKnownFileType = file.xib; name = Base; path = Base.lproj/LaunchScreen.xib; sourceTree = "<group>"; };
		7A7BBE1D1B6CF51600CB89BE /* 02.CoreImageTests.xctest */ = {isa = PBXFileReference; explicitFileType = wrapper.cfbundle; includeInIndex = 0; path = 02.CoreImageTests.xctest; sourceTree = BUILT_PRODUCTS_DIR; };
		7A7BBE221B6CF51600CB89BE /* Info.plist */ = {isa = PBXFileReference; lastKnownFileType = text.plist.xml; path = Info.plist; sourceTree = "<group>"; };
		7A7BBE231B6CF51600CB89BE /* _2_CoreImageTests.m */ = {isa = PBXFileReference; lastKnownFileType = sourcecode.c.objc; path = _2_CoreImageTests.m; sourceTree = "<group>"; };
/* End PBXFileReference section */

/* Begin PBXFrameworksBuildPhase section */
		7A7BBE011B6CF51600CB89BE /* Frameworks */ = {
			isa = PBXFrameworksBuildPhase;
			buildActionMask = 2147483647;
			files = (
			);
			runOnlyForDeploymentPostprocessing = 0;
		};
		7A7BBE1A1B6CF51600CB89BE /* Frameworks */ = {
			isa = PBXFrameworksBuildPhase;
			buildActionMask = 2147483647;
			files = (
			);
			runOnlyForDeploymentPostprocessing = 0;
		};
/* End PBXFrameworksBuildPhase section */

/* Begin PBXGroup section */
		7A7BBDFB1B6CF51600CB89BE = {
			isa = PBXGroup;
			children = (
				7A7BBE061B6CF51600CB89BE /* 02.CoreImage */,
				7A7BBE201B6CF51600CB89BE /* 02.CoreImageTests */,
				7A7BBE051B6CF51600CB89BE /* Products */,
			);
			sourceTree = "<group>";
		};
		7A7BBE051B6CF51600CB89BE /* Products */ = {
			isa = PBXGroup;
			children = (
				7A7BBE041B6CF51600CB89BE /* 02.CoreImage.app */,
				7A7BBE1D1B6CF51600CB89BE /* 02.CoreImageTests.xctest */,
			);
			name = Products;
			sourceTree = "<group>";
		};
		7A7BBE061B6CF51600CB89BE /* 02.CoreImage */ = {
			isa = PBXGroup;
			children = (
				7A7BBE0B1B6CF51600CB89BE /* AppDelegate.h */,
				7A7BBE0C1B6CF51600CB89BE /* AppDelegate.m */,
				7A7BBE0E1B6CF51600CB89BE /* ViewController.h */,
				7A7BBE0F1B6CF51600CB89BE /* ViewController.m */,
				7A7BBE111B6CF51600CB89BE /* Main.storyboard */,
				7A7BBE141B6CF51600CB89BE /* Images.xcassets */,
				7A7BBE161B6CF51600CB89BE /* LaunchScreen.xib */,
				7A7BBE071B6CF51600CB89BE /* Supporting Files */,
			);
			path = 02.CoreImage;
			sourceTree = "<group>";
		};
		7A7BBE071B6CF51600CB89BE /* Supporting Files */ = {
			isa = PBXGroup;
			children = (
				7A7BBE081B6CF51600CB89BE /* Info.plist */,
				7A7BBE091B6CF51600CB89BE /* main.m */,
			);
			name = "Supporting Files";
			sourceTree = "<group>";
		};
		7A7BBE201B6CF51600CB89BE /* 02.CoreImageTests */ = {
			isa = PBXGroup;
			children = (
				7A7BBE231B6CF51600CB89BE /* _2_CoreImageTests.m */,
				7A7BBE211B6CF51600CB89BE /* Supporting Files */,
			);
			path = 02.CoreImageTests;
			sourceTree = "<group>";
		};
		7A7BBE211B6CF51600CB89BE /* Supporting Files */ = {
			isa = PBXGroup;
			children = (
				7A7BBE221B6CF51600CB89BE /* Info.plist */,
			);
			name = "Supporting Files";
			sourceTree = "<group>";
		};
/* End PBXGroup section */

/* Begin PBXNativeTarget section */
		7A7BBE031B6CF51600CB89BE /* 02.CoreImage */ = {
			isa = PBXNativeTarget;
			buildConfigurationList = 7A7BBE271B6CF51600CB89BE /* Build configuration list for PBXNativeTarget "02.CoreImage" */;
			buildPhases = (
				7A7BBE001B6CF51600CB89BE /* Sources */,
				7A7BBE011B6CF51600CB89BE /* Frameworks */,
				7A7BBE021B6CF51600CB89BE /* Resources */,
			);
			buildRules = (
			);
			dependencies = (
			);
			name = 02.CoreImage;
			productName = 02.CoreImage;
			productReference = 7A7BBE041B6CF51600CB89BE /* 02.CoreImage.app */;
			productType = "com.apple.product-type.application";
		};
		7A7BBE1C1B6CF51600CB89BE /* 02.CoreImageTests */ = {
			isa = PBXNativeTarget;
			buildConfigurationList = 7A7BBE2A1B6CF51600CB89BE /* Build configuration list for PBXNativeTarget "02.CoreImageTests" */;
			buildPhases = (
				7A7BBE191B6CF51600CB89BE /* Sources */,
				7A7BBE1A1B6CF51600CB89BE /* Frameworks */,
				7A7BBE1B1B6CF51600CB89BE /* Resources */,
			);
			buildRules = (
			);
			dependencies = (
				7A7BBE1F1B6CF51600CB89BE /* PBXTargetDependency */,
			);
			name = 02.CoreImageTests;
			productName = 02.CoreImageTests;
			productReference = 7A7BBE1D1B6CF51600CB89BE /* 02.CoreImageTests.xctest */;
			productType = "com.apple.product-type.bundle.unit-test";
		};
/* End PBXNativeTarget section */

/* Begin PBXProject section */
		7A7BBDFC1B6CF51600CB89BE /* Project object */ = {
			isa = PBXProject;
			attributes = {
				LastUpgradeCheck = 0640;
				ORGANIZATIONNAME = "mac os";
				TargetAttributes = {
					7A7BBE031B6CF51600CB89BE = {
						CreatedOnToolsVersion = 6.4;
					};
					7A7BBE1C1B6CF51600CB89BE = {
						CreatedOnToolsVersion = 6.4;
						TestTargetID = 7A7BBE031B6CF51600CB89BE;
					};
				};
			};
			buildConfigurationList = 7A7BBDFF1B6CF51600CB89BE /* Build configuration list for PBXProject "02.CoreImage" */;
			compatibilityVersion = "Xcode 3.2";
			developmentRegion = English;
			hasScannedForEncodings = 0;
			knownRegions = (
				en,
				Base,
			);
			mainGroup = 7A7BBDFB1B6CF51600CB89BE;
			productRefGroup = 7A7BBE051B6CF51600CB89BE /* Products */;
			projectDirPath = "";
			projectRoot = "";
			targets = (
				7A7BBE031B6CF51600CB89BE /* 02.CoreImage */,
				7A7BBE1C1B6CF51600CB89BE /* 02.CoreImageTests */,
			);
		};
/* End PBXProject section */

/* Begin PBXResourcesBuildPhase section */
		7A7BBE021B6CF51600CB89BE /* Resources */ = {
			isa = PBXResourcesBuildPhase;
			buildActionMask = 2147483647;
			files = (
				7A7BBE131B6CF51600CB89BE /* Main.storyboard in Resources */,
				7A7BBE181B6CF51600CB89BE /* LaunchScreen.xib in Resources */,
				7A7BBE151B6CF51600CB89BE /* Images.xcassets in Resources */,
			);
			runOnlyForDeploymentPostprocessing = 0;
		};
		7A7BBE1B1B6CF51600CB89BE /* Resources */ = {
			isa = PBXResourcesBuildPhase;
			buildActionMask = 2147483647;
			files = (
			);
			runOnlyForDeploymentPostprocessing = 0;
		};
/* End PBXResourcesBuildPhase section */

/* Begin PBXSourcesBuildPhase section */
		7A7BBE001B6CF51600CB89BE /* Sources */ = {
			isa = PBXSourcesBuildPhase;
			buildActionMask = 2147483647;
			files = (
				7A7BBE101B6CF51600CB89BE /* ViewController.m in Sources */,
				7A7BBE0D1B6CF51600CB89BE /* AppDelegate.m in Sources */,
				7A7BBE0A1B6CF51600CB89BE /* main.m in Sources */,
			);
			runOnlyForDeploymentPostprocessing = 0;
		};
		7A7BBE191B6CF51600CB89BE /* Sources */ = {
			isa = PBXSourcesBuildPhase;
			buildActionMask = 2147483647;
			files = (
				7A7BBE241B6CF51600CB89BE /* _2_CoreImageTests.m in Sources */,
			);
			runOnlyForDeploymentPostprocessing = 0;
		};
/* End PBXSourcesBuildPhase section */

/* Begin PBXTargetDependency section */
		7A7BBE1F1B6CF51600CB89BE /* PBXTargetDependency */ = {
			isa = PBXTargetDependency;
			target = 7A7BBE031B6CF51600CB89BE /* 02.CoreImage */;
			targetProxy = 7A7BBE1E1B6CF51600CB89BE /* PBXContainerItemProxy */;
		};
/* End PBXTargetDependency section */

/* Begin PBXVariantGroup section */
		7A7BBE111B6CF51600CB89BE /* Main.storyboard */ = {
			isa = PBXVariantGroup;
			children = (
				7A7BBE121B6CF51600CB89BE /* Base */,
			);
			name = Main.storyboard;
			sourceTree = "<group>";
		};
		7A7BBE161B6CF51600CB89BE /* LaunchScreen.xib */ = {
			isa = PBXVariantGroup;
			children = (
				7A7BBE171B6CF51600CB89BE /* Base */,
			);
			name = LaunchScreen.xib;
			sourceTree = "<group>";
		};
/* End PBXVariantGroup section */

/* Begin XCBuildConfiguration section */
		7A7BBE251B6CF51600CB89BE /* Debug */ = {
			isa = XCBuildConfiguration;
			buildSettings = {
				ALWAYS_SEARCH_USER_PATHS = NO;
				CLANG_CXX_LANGUAGE_STANDARD = "gnu++0x";
				CLANG_CXX_LIBRARY = "libc++";
				CLANG_ENABLE_MODULES = YES;
				CLANG_ENABLE_OBJC_ARC = YES;
				CLANG_WARN_BOOL_CONVERSION = YES;
				CLANG_WARN_CONSTANT_CONVERSION = YES;
				CLANG_WARN_DIRECT_OBJC_ISA_USAGE = YES_ERROR;
				CLANG_WARN_EMPTY_BODY = YES;
				CLANG_WARN_ENUM_CONVERSION = YES;
				CLANG_WARN_INT_CONVERSION = YES;
				CLANG_WARN_OBJC_ROOT_CLASS = YES_ERROR;
				CLANG_WARN_UNREACHABLE_CODE = YES;
				CLANG_WARN__DUPLICATE_METHOD_MATCH = YES;
				"CODE_SIGN_IDENTITY[sdk=iphoneos*]" = "iPhone Developer";
				COPY_PHASE_STRIP = NO;
				DEBUG_INFORMATION_FORMAT = "dwarf-with-dsym";
				ENABLE_STRICT_OBJC_MSGSEND = YES;
				GCC_C_LANGUAGE_STANDARD = gnu99;
				GCC_DYNAMIC_NO_PIC = NO;
				GCC_NO_COMMON_BLOCKS = YES;
				GCC_OPTIMIZATION_LEVEL = 0;
				GCC_PREPROCESSOR_DEFINITIONS = (
					"DEBUG=1",
					"$(inherited)",
				);
				GCC_SYMBOLS_PRIVATE_EXTERN = NO;
				GCC_WARN_64_TO_32_BIT_CONVERSION = YES;
				GCC_WARN_ABOUT_RETURN_TYPE = YES_ERROR;
				GCC_WARN_UNDECLARED_SELECTOR = YES;
				GCC_WARN_UNINITIALIZED_AUTOS = YES_AGGRESSIVE;
				GCC_WARN_UNUSED_FUNCTION = YES;
				GCC_WARN_UNUSED_VARIABLE = YES;
				IPHONEOS_DEPLOYMENT_TARGET = 8.4;
				MTL_ENABLE_DEBUG_INFO = YES;
				ONLY_ACTIVE_ARCH = YES;
				SDKROOT = iphoneos;
				TARGETED_DEVICE_FAMILY = "1,2";
			};
			name = Debug;
		};
		7A7BBE261B6CF51600CB89BE /* Release */ = {
			isa = XCBuildConfiguration;
			buildSettings = {
				ALWAYS_SEARCH_USER_PATHS = NO;
				CLANG_CXX_LANGUAGE_STANDARD = "gnu++0x";
				CLANG_CXX_LIBRARY = "libc++";
				CLANG_ENABLE_MODULES = YES;
				CLANG_ENABLE_OBJC_ARC = YES;
				CLANG_WARN_BOOL_CONVERSION = YES;
				CLANG_WARN_CONSTANT_CONVERSION = YES;
				CLANG_WARN_DIRECT_OBJC_ISA_USAGE = YES_ERROR;
				CLANG_WARN_EMPTY_BODY = YES;
				CLANG_WARN_ENUM_CONVERSION = YES;
				CLANG_WARN_INT_CONVERSION = YES;
				CLANG_WARN_OBJC_ROOT_CLASS = YES_ERROR;
				CLANG_WARN_UNREACHABLE_CODE = YES;
				CLANG_WARN__DUPLICATE_METHOD_MATCH = YES;
				"CODE_SIGN_IDENTITY[sdk=iphoneos*]" = "iPhone Developer";
				COPY_PHASE_STRIP = NO;
				DEBUG_INFORMATION_FORMAT = "dwarf-with-dsym";
				ENABLE_NS_ASSERTIONS = NO;
				ENABLE_STRICT_OBJC_MSGSEND = YES;
				GCC_C_LANGUAGE_STANDARD = gnu99;
				GCC_NO_COMMON_BLOCKS = YES;
				GCC_WARN_64_TO_32_BIT_CONVERSION = YES;
				GCC_WARN_ABOUT_RETURN_TYPE = YES_ERROR;
				GCC_WARN_UNDECLARED_SELECTOR = YES;
				GCC_WARN_UNINITIALIZED_AUTOS = YES_AGGRESSIVE;
				GCC_WARN_UNUSED_FUNCTION = YES;
				GCC_WARN_UNUSED_VARIABLE = YES;
				IPHONEOS_DEPLOYMENT_TARGET = 8.4;
				MTL_ENABLE_DEBUG_INFO = NO;
				SDKROOT = iphoneos;
				TARGETED_DEVICE_FAMILY = "1,2";
				VALIDATE_PRODUCT = YES;
			};
			name = Release;
		};
		7A7BBE281B6CF51600CB89BE /* Debug */ = {
			isa = XCBuildConfiguration;
			buildSettings = {
				ASSETCATALOG_COMPILER_APPICON_NAME = AppIcon;
				INFOPLIST_FILE = 02.CoreImage/Info.plist;
				IPHONEOS_DEPLOYMENT_TARGET = 8.4;
				LD_RUNPATH_SEARCH_PATHS = "$(inherited) @executable_path/Frameworks";
				PRODUCT_NAME = "$(TARGET_NAME)";
			};
			name = Debug;
		};
		7A7BBE291B6CF51600CB89BE /* Release */ = {
			isa = XCBuildConfiguration;
			buildSettings = {
				ASSETCATALOG_COMPILER_APPICON_NAME = AppIcon;
				INFOPLIST_FILE = 02.CoreImage/Info.plist;
				IPHONEOS_DEPLOYMENT_TARGET = 8.4;
				LD_RUNPATH_SEARCH_PATHS = "$(inherited) @executable_path/Frameworks";
				PRODUCT_NAME = "$(TARGET_NAME)";
			};
			name = Release;
		};
		7A7BBE2B1B6CF51600CB89BE /* Debug */ = {
			isa = XCBuildConfiguration;
			buildSettings = {
				BUNDLE_LOADER = "$(TEST_HOST)";
				FRAMEWORK_SEARCH_PATHS = (
					"$(SDKROOT)/Developer/Library/Frameworks",
					"$(inherited)",
				);
				GCC_PREPROCESSOR_DEFINITIONS = (
					"DEBUG=1",
					"$(inherited)",
				);
				INFOPLIST_FILE = 02.CoreImageTests/Info.plist;
				LD_RUNPATH_SEARCH_PATHS = "$(inherited) @executable_path/Frameworks @loader_path/Frameworks";
				PRODUCT_NAME = "$(TARGET_NAME)";
				TEST_HOST = "$(BUILT_PRODUCTS_DIR)/02.CoreImage.app/02.CoreImage";
			};
			name = Debug;
		};
		7A7BBE2C1B6CF51600CB89BE /* Release */ = {
			isa = XCBuildConfiguration;
			buildSettings = {
				BUNDLE_LOADER = "$(TEST_HOST)";
				FRAMEWORK_SEARCH_PATHS = (
					"$(SDKROOT)/Developer/Library/Frameworks",
					"$(inherited)",
				);
				INFOPLIST_FILE = 02.CoreImageTests/Info.plist;
				LD_RUNPATH_SEARCH_PATHS = "$(inherited) @executable_path/Frameworks @loader_path/Frameworks";
				PRODUCT_NAME = "$(TARGET_NAME)";
				TEST_HOST = "$(BUILT_PRODUCTS_DIR)/02.CoreImage.app/02.CoreImage";
			};
			name = Release;
		};
/* End XCBuildConfiguration section */

/* Begin XCConfigurationList section */
		7A7BBDFF1B6CF51600CB89BE /* Build configuration list for PBXProject "02.CoreImage" */ = {
			isa = XCConfigurationList;
			buildConfigurations = (
				7A7BBE251B6CF51600CB89BE /* Debug */,
				7A7BBE261B6CF51600CB89BE /* Release */,
			);
			defaultConfigurationIsVisible = 0;
			defaultConfigurationName = Release;
		};
		7A7BBE271B6CF51600CB89BE /* Build configuration list for PBXNativeTarget "02.CoreImage" */ = {
			isa = XCConfigurationList;
			buildConfigurations = (
				7A7BBE281B6CF51600CB89BE /* Debug */,
				7A7BBE291B6CF51600CB89BE /* Release */,
			);
			defaultConfigurationIsVisible = 0;
			defaultConfigurationName = Release;
		};
		7A7BBE2A1B6CF51600CB89BE /* Build configuration list for PBXNativeTarget "02.CoreImageTests" */ = {
			isa = XCConfigurationList;
			buildConfigurations = (
				7A7BBE2B1B6CF51600CB89BE /* Debug */,
				7A7BBE2C1B6CF51600CB89BE /* Release */,
			);
			defaultConfigurationIsVisible = 0;
			defaultConfigurationName = Release;
		};
/* End XCConfigurationList section */
	};
	rootObject = 7A7BBDFC1B6CF51600CB89BE /* Project object */;
}
